Microsoft Visual Studio Solution File, Format Version 12.00
# Visual Studio Version 18
VisualStudioVersion = 18.3.11312.210 d18.3
MinimumVisualStudioVersion = 10.0.40219.1
Project("{FAE04EC0-301F-11D3-BF4B-00C04F79EFBC}") = "ThreadPool", "ThreadPool\ThreadPool.csproj", "{D4011626-9792-DB8A-F83E-6FEC21D25358}"
EndProject
Project("{FAE04EC0-301F-11D3-BF4B-00C04F79EFBC}") = "ThreadPoolTest", "ThreadPoolTest\ThreadPoolTest.csproj", "{90D26C63-211F-95AF-6E0A-50C2E043F203}"
EndProject
Global
	GlobalSection(SolutionConfigurationPlatforms) = preSolution
		Debug|Any CPU = Debug|Any CPU
		Release|Any CPU = Release|Any CPU
	EndGlobalSection
	GlobalSection(ProjectConfigurationPlatforms) = postSolution
		{D4011626-9792-DB8A-F83E-6FEC21D25358}.Debug|Any CPU.ActiveCfg = Debug|Any CPU
		{D4011626-9792-DB8A-F83E-6FEC21D25358}.Debug|Any CPU.Build.0 = Debug|Any CPU
		{D4011626-9792-DB8A-F83E-6FEC21D25358}.Release|Any CPU.ActiveCfg = Release|Any CPU
		{D4011626-9792-DB8A-F83E-6FEC21D25358}.Release|Any CPU.Build.0 = Release|Any CPU
		{90D26C63-211F-95AF-6E0A-50C2E043F203}.Debug|Any CPU.ActiveCfg = Debug|Any CPU
		{90D26C63-211F-95AF-6E0A-50C2E043F203}.Debug|Any CPU.Build.0 = Debug|Any CPU
		{90D26C63-211F-95AF-6E0A-50C2E043F203}.Release|Any CPU.ActiveCfg = Release|Any CPU
		{90D26C63-211F-95AF-6E0A-50C2E043F203}.Release|Any CPU.Build.0 = Release|Any CPU
	EndGlobalSection
	GlobalSection(SolutionProperties) = preSolution
		HideSolutionNode = FALSE
	EndGlobalSection
EndGlobal
