
Microsoft Visual Studio Solution File, Format Version 12.00
# Visual Studio Version 17
VisualStudioVersion = 17.14.36414.22 d17.14
MinimumVisualStudioVersion = 10.0.40219.1
Project("{FAE04EC0-301F-11D3-BF4B-00C04F79EFBC}") = "LazyInterface", "LazyInterface\LazyInterface.csproj", "{B005CD18-ABEE-436A-AB05-3EF5C9103BE8}"
EndProject
Project("{FAE04EC0-301F-11D3-BF4B-00C04F79EFBC}") = "LazyInterfaceTest", "LazyInterfaceTest\LazyInterfaceTest.csproj", "{5F6DCBCC-E45F-4077-A197-3033BFD54860}"
EndProject
Global
	GlobalSection(SolutionConfigurationPlatforms) = preSolution
		Debug|Any CPU = Debug|Any CPU
		Release|Any CPU = Release|Any CPU
	EndGlobalSection
	GlobalSection(ProjectConfigurationPlatforms) = postSolution
		{B005CD18-ABEE-436A-AB05-3EF5C9103BE8}.Debug|Any CPU.ActiveCfg = Debug|Any CPU
		{B005CD18-ABEE-436A-AB05-3EF5C9103BE8}.Debug|Any CPU.Build.0 = Debug|Any CPU
		{B005CD18-ABEE-436A-AB05-3EF5C9103BE8}.Release|Any CPU.ActiveCfg = Release|Any CPU
		{B005CD18-ABEE-436A-AB05-3EF5C9103BE8}.Release|Any CPU.Build.0 = Release|Any CPU
		{5F6DCBCC-E45F-4077-A197-3033BFD54860}.Debug|Any CPU.ActiveCfg = Debug|Any CPU
		{5F6DCBCC-E45F-4077-A197-3033BFD54860}.Debug|Any CPU.Build.0 = Debug|Any CPU
		{5F6DCBCC-E45F-4077-A197-3033BFD54860}.Release|Any CPU.ActiveCfg = Release|Any CPU
		{5F6DCBCC-E45F-4077-A197-3033BFD54860}.Release|Any CPU.Build.0 = Release|Any CPU
	EndGlobalSection
	GlobalSection(SolutionProperties) = preSolution
		HideSolutionNode = FALSE
	EndGlobalSection
	GlobalSection(ExtensibilityGlobals) = postSolution
		SolutionGuid = {7947C958-8D0D-42E4-8E00-ABBE4F2A30DE}
	EndGlobalSection
EndGlobal
